// !$*UTF8*$!
{
	archiveVersion = 1;
	classes = {
	};
	objectVersion = 56;
	objects = {

/* Begin PBXBuildFile section */
		86A26F5729F55B86007B9C9F /* XyloApp.swift in Sources */ = {isa = PBXBuildFile; fileRef = 86A26F5629F55B86007B9C9F /* XyloApp.swift */; };
		86A26F5929F55B86007B9C9F /* ContentView.swift in Sources */ = {isa = PBXBuildFile; fileRef = 86A26F5829F55B86007B9C9F /* ContentView.swift */; };
		86A26F5B29F55B88007B9C9F /* Assets.xcassets in Resources */ = {isa = PBXBuildFile; fileRef = 86A26F5A29F55B88007B9C9F /* Assets.xcassets */; };
		86A26F5F29F55B88007B9C9F /* Preview Assets.xcassets in Resources */ = {isa = PBXBuildFile; fileRef = 86A26F5E29F55B88007B9C9F /* Preview Assets.xcassets */; };
		86A26F6929F55B88007B9C9F /* XyloTests.swift in Sources */ = {isa = PBXBuildFile; fileRef = 86A26F6829F55B88007B9C9F /* XyloTests.swift */; };
		86A26F7329F55B88007B9C9F /* XyloUITests.swift in Sources */ = {isa = PBXBuildFile; fileRef = 86A26F7229F55B88007B9C9F /* XyloUITests.swift */; };
		86A26F7529F55B88007B9C9F /* XyloUITestsLaunchTests.swift in Sources */ = {isa = PBXBuildFile; fileRef = 86A26F7429F55B88007B9C9F /* XyloUITestsLaunchTests.swift */; };
		86A26F8229F55BA6007B9C9F /* PlayerView.swift in Sources */ = {isa = PBXBuildFile; fileRef = 86A26F8129F55BA6007B9C9F /* PlayerView.swift */; };
		86A26F8B29F56189007B9C9F /* C.wav in Resources */ = {isa = PBXBuildFile; fileRef = 86A26F8429F56189007B9C9F /* C.wav */; };
		86A26F8C29F56189007B9C9F /* G.wav in Resources */ = {isa = PBXBuildFile; fileRef = 86A26F8529F56189007B9C9F /* G.wav */; };
		86A26F8D29F56189007B9C9F /* F.wav in Resources */ = {isa = PBXBuildFile; fileRef = 86A26F8629F56189007B9C9F /* F.wav */; };
		86A26F8E29F56189007B9C9F /* B.wav in Resources */ = {isa = PBXBuildFile; fileRef = 86A26F8729F56189007B9C9F /* B.wav */; };
		86A26F8F29F56189007B9C9F /* A.wav in Resources */ = {isa = PBXBuildFile; fileRef = 86A26F8829F56189007B9C9F /* A.wav */; };
		86A26F9029F56189007B9C9F /* E.wav in Resources */ = {isa = PBXBuildFile; fileRef = 86A26F8929F56189007B9C9F /* E.wav */; };
		86A26F9129F56189007B9C9F /* D.wav in Resources */ = {isa = PBXBuildFile; fileRef = 86A26F8A29F56189007B9C9F /* D.wav */; };
/* End PBXBuildFile section */

/* Begin PBXContainerItemProxy section */
		86A26F6529F55B88007B9C9F /* PBXContainerItemProxy */ = {
			isa = PBXContainerItemProxy;
			containerPortal = 86A26F4B29F55B86007B9C9F /* Project object */;
			proxyType = 1;
			remoteGlobalIDString = 86A26F5229F55B86007B9C9F;
			remoteInfo = Xylo;
		};
		86A26F6F29F55B88007B9C9F /* PBXContainerItemProxy */ = {
			isa = PBXContainerItemProxy;
			containerPortal = 86A26F4B29F55B86007B9C9F /* Project object */;
			proxyType = 1;
			remoteGlobalIDString = 86A26F5229F55B86007B9C9F;
			remoteInfo = Xylo;
		};
/* End PBXContainerItemProxy section */

/* Begin PBXFileReference section */
		86A26F5329F55B86007B9C9F /* Xylo.app */ = {isa = PBXFileReference; explicitFileType = wrapper.application; includeInIndex = 0; path = Xylo.app; sourceTree = BUILT_PRODUCTS_DIR; };
		86A26F5629F55B86007B9C9F /* XyloApp.swift */ = {isa = PBXFileReference; lastKnownFileType = sourcecode.swift; path = XyloApp.swift; sourceTree = "<group>"; };
		86A26F5829F55B86007B9C9F /* ContentView.swift */ = {isa = PBXFileReference; lastKnownFileType = sourcecode.swift; path = ContentView.swift; sourceTree = "<group>"; };
		86A26F5A29F55B88007B9C9F /* Assets.xcassets */ = {isa = PBXFileReference; lastKnownFileType = folder.assetcatalog; path = Assets.xcassets; sourceTree = "<group>"; };
		86A26F5C29F55B88007B9C9F /* Xylo.entitlements */ = {isa = PBXFileReference; lastKnownFileType = text.plist.entitlements; path = Xylo.entitlements; sourceTree = "<group>"; };
		86A26F5E29F55B88007B9C9F /* Preview Assets.xcassets */ = {isa = PBXFileReference; lastKnownFileType = folder.assetcatalog; path = "Preview Assets.xcassets"; sourceTree = "<group>"; };
		86A26F6429F55B88007B9C9F /* XyloTests.xctest */ = {isa = PBXFileReference; explicitFileType = wrapper.cfbundle; includeInIndex = 0; path = XyloTests.xctest; sourceTree = BUILT_PRODUCTS_DIR; };
		86A26F6829F55B88007B9C9F /* XyloTests.swift */ = {isa = PBXFileReference; lastKnownFileType = sourcecode.swift; path = XyloTests.swift; sourceTree = "<group>"; };
		86A26F6E29F55B88007B9C9F /* XyloUITests.xctest */ = {isa = PBXFileReference; explicitFileType = wrapper.cfbundle; includeInIndex = 0; path = XyloUITests.xctest; sourceTree = BUILT_PRODUCTS_DIR; };
		86A26F7229F55B88007B9C9F /* XyloUITests.swift */ = {isa = PBXFileReference; lastKnownFileType = sourcecode.swift; path = XyloUITests.swift; sourceTree = "<group>"; };
		86A26F7429F55B88007B9C9F /* XyloUITestsLaunchTests.swift */ = {isa = PBXFileReference; lastKnownFileType = sourcecode.swift; path = XyloUITestsLaunchTests.swift; sourceTree = "<group>"; };
		86A26F8129F55BA6007B9C9F /* PlayerView.swift */ = {isa = PBXFileReference; lastKnownFileType = sourcecode.swift; path = PlayerView.swift; sourceTree = "<group>"; };
		86A26F8429F56189007B9C9F /* C.wav */ = {isa = PBXFileReference; lastKnownFileType = audio.wav; path = C.wav; sourceTree = "<group>"; };
		86A26F8529F56189007B9C9F /* G.wav */ = {isa = PBXFileReference; lastKnownFileType = audio.wav; path = G.wav; sourceTree = "<group>"; };
		86A26F8629F56189007B9C9F /* F.wav */ = {isa = PBXFileReference; lastKnownFileType = audio.wav; path = F.wav; sourceTree = "<group>"; };
		86A26F8729F56189007B9C9F /* B.wav */ = {isa = PBXFileReference; lastKnownFileType = audio.wav; path = B.wav; sourceTree = "<group>"; };
		86A26F8829F56189007B9C9F /* A.wav */ = {isa = PBXFileReference; lastKnownFileType = audio.wav; path = A.wav; sourceTree = "<group>"; };
		86A26F8929F56189007B9C9F /* E.wav */ = {isa = PBXFileReference; lastKnownFileType = audio.wav; path = E.wav; sourceTree = "<group>"; };
		86A26F8A29F56189007B9C9F /* D.wav */ = {isa = PBXFileReference; lastKnownFileType = audio.wav; path = D.wav; sourceTree = "<group>"; };
/* End PBXFileReference section */

/* Begin PBXFrameworksBuildPhase section */
		86A26F5029F55B86007B9C9F /* Frameworks */ = {
			isa = PBXFrameworksBuildPhase;
			buildActionMask = 2147483647;
			files = (
			);
			runOnlyForDeploymentPostprocessing = 0;
		};
		86A26F6129F55B88007B9C9F /* Frameworks */ = {
			isa = PBXFrameworksBuildPhase;
			buildActionMask = 2147483647;
			files = (
			);
			runOnlyForDeploymentPostprocessing = 0;
		};
		86A26F6B29F55B88007B9C9F /* Frameworks */ = {
			isa = PBXFrameworksBuildPhase;
			buildActionMask = 2147483647;
			files = (
			);
			runOnlyForDeploymentPostprocessing = 0;
		};
/* End PBXFrameworksBuildPhase section */

/* Begin PBXGroup section */
		86A26F4A29F55B86007B9C9F = {
			isa = PBXGroup;
			children = (
				86A26F8329F56159007B9C9F /* Sounds */,
				86A26F5529F55B86007B9C9F /* Xylo */,
				86A26F6729F55B88007B9C9F /* XyloTests */,
				86A26F7129F55B88007B9C9F /* XyloUITests */,
				86A26F5429F55B86007B9C9F /* Products */,
			);
			sourceTree = "<group>";
		};
		86A26F5429F55B86007B9C9F /* Products */ = {
			isa = PBXGroup;
			children = (
				86A26F5329F55B86007B9C9F /* Xylo.app */,
				86A26F6429F55B88007B9C9F /* XyloTests.xctest */,
				86A26F6E29F55B88007B9C9F /* XyloUITests.xctest */,
			);
			name = Products;
			sourceTree = "<group>";
		};
		86A26F5529F55B86007B9C9F /* Xylo */ = {
			isa = PBXGroup;
			children = (
				86A26F5629F55B86007B9C9F /* XyloApp.swift */,
				86A26F8129F55BA6007B9C9F /* PlayerView.swift */,
				86A26F5829F55B86007B9C9F /* ContentView.swift */,
				86A26F5A29F55B88007B9C9F /* Assets.xcassets */,
				86A26F5C29F55B88007B9C9F /* Xylo.entitlements */,
				86A26F5D29F55B88007B9C9F /* Preview Content */,
			);
			path = Xylo;
			sourceTree = "<group>";
		};
		86A26F5D29F55B88007B9C9F /* Preview Content */ = {
			isa = PBXGroup;
			children = (
				86A26F5E29F55B88007B9C9F /* Preview Assets.xcassets */,
			);
			path = "Preview Content";
			sourceTree = "<group>";
		};
		86A26F6729F55B88007B9C9F /* XyloTests */ = {
			isa = PBXGroup;
			children = (
				86A26F6829F55B88007B9C9F /* XyloTests.swift */,
			);
			path = XyloTests;
			sourceTree = "<group>";
		};
		86A26F7129F55B88007B9C9F /* XyloUITests */ = {
			isa = PBXGroup;
			children = (
				86A26F7229F55B88007B9C9F /* XyloUITests.swift */,
				86A26F7429F55B88007B9C9F /* XyloUITestsLaunchTests.swift */,
			);
			path = XyloUITests;
			sourceTree = "<group>";
		};
		86A26F8329F56159007B9C9F /* Sounds */ = {
			isa = PBXGroup;
			children = (
				86A26F8829F56189007B9C9F /* A.wav */,
				86A26F8729F56189007B9C9F /* B.wav */,
				86A26F8429F56189007B9C9F /* C.wav */,
				86A26F8A29F56189007B9C9F /* D.wav */,
				86A26F8929F56189007B9C9F /* E.wav */,
				86A26F8629F56189007B9C9F /* F.wav */,
				86A26F8529F56189007B9C9F /* G.wav */,
			);
			path = Sounds;
			sourceTree = "<group>";
		};
/* End PBXGroup section */

/* Begin PBXNativeTarget section */
		86A26F5229F55B86007B9C9F /* Xylo */ = {
			isa = PBXNativeTarget;
			buildConfigurationList = 86A26F7829F55B88007B9C9F /* Build configuration list for PBXNativeTarget "Xylo" */;
			buildPhases = (
				86A26F4F29F55B86007B9C9F /* Sources */,
				86A26F5029F55B86007B9C9F /* Frameworks */,
				86A26F5129F55B86007B9C9F /* Resources */,
			);
			buildRules = (
			);
			dependencies = (
			);
			name = Xylo;
			productName = Xylo;
			productReference = 86A26F5329F55B86007B9C9F /* Xylo.app */;
			productType = "com.apple.product-type.application";
		};
		86A26F6329F55B88007B9C9F /* XyloTests */ = {
			isa = PBXNativeTarget;
			buildConfigurationList = 86A26F7B29F55B88007B9C9F /* Build configuration list for PBXNativeTarget "XyloTests" */;
			buildPhases = (
				86A26F6029F55B88007B9C9F /* Sources */,
				86A26F6129F55B88007B9C9F /* Frameworks */,
				86A26F6229F55B88007B9C9F /* Resources */,
			);
			buildRules = (
			);
			dependencies = (
				86A26F6629F55B88007B9C9F /* PBXTargetDependency */,
			);
			name = XyloTests;
			productName = XyloTests;
			productReference = 86A26F6429F55B88007B9C9F /* XyloTests.xctest */;
			productType = "com.apple.product-type.bundle.unit-test";
		};
		86A26F6D29F55B88007B9C9F /* XyloUITests */ = {
			isa = PBXNativeTarget;
			buildConfigurationList = 86A26F7E29F55B88007B9C9F /* Build configuration list for PBXNativeTarget "XyloUITests" */;
			buildPhases = (
				86A26F6A29F55B88007B9C9F /* Sources */,
				86A26F6B29F55B88007B9C9F /* Frameworks */,
				86A26F6C29F55B88007B9C9F /* Resources */,
			);
			buildRules = (
			);
			dependencies = (
				86A26F7029F55B88007B9C9F /* PBXTargetDependency */,
			);
			name = XyloUITests;
			productName = XyloUITests;
			productReference = 86A26F6E29F55B88007B9C9F /* XyloUITests.xctest */;
			productType = "com.apple.product-type.bundle.ui-testing";
		};
/* End PBXNativeTarget section */

/* Begin PBXProject section */
		86A26F4B29F55B86007B9C9F /* Project object */ = {
			isa = PBXProject;
			attributes = {
				BuildIndependentTargetsInParallel = 1;
				LastSwiftUpdateCheck = 1430;
				LastUpgradeCheck = 1430;
				TargetAttributes = {
					86A26F5229F55B86007B9C9F = {
						CreatedOnToolsVersion = 14.3;
					};
					86A26F6329F55B88007B9C9F = {
						CreatedOnToolsVersion = 14.3;
						TestTargetID = 86A26F5229F55B86007B9C9F;
					};
					86A26F6D29F55B88007B9C9F = {
						CreatedOnToolsVersion = 14.3;
						TestTargetID = 86A26F5229F55B86007B9C9F;
					};
				};
			};
			buildConfigurationList = 86A26F4E29F55B86007B9C9F /* Build configuration list for PBXProject "Xylo" */;
			compatibilityVersion = "Xcode 14.0";
			developmentRegion = en;
			hasScannedForEncodings = 0;
			knownRegions = (
				en,
				Base,
			);
			mainGroup = 86A26F4A29F55B86007B9C9F;
			productRefGroup = 86A26F5429F55B86007B9C9F /* Products */;
			projectDirPath = "";
			projectRoot = "";
			targets = (
				86A26F5229F55B86007B9C9F /* Xylo */,
				86A26F6329F55B88007B9C9F /* XyloTests */,
				86A26F6D29F55B88007B9C9F /* XyloUITests */,
			);
		};
/* End PBXProject section */

/* Begin PBXResourcesBuildPhase section */
		86A26F5129F55B86007B9C9F /* Resources */ = {
			isa = PBXResourcesBuildPhase;
			buildActionMask = 2147483647;
			files = (
				86A26F9129F56189007B9C9F /* D.wav in Resources */,
				86A26F8F29F56189007B9C9F /* A.wav in Resources */,
				86A26F8C29F56189007B9C9F /* G.wav in Resources */,
				86A26F8B29F56189007B9C9F /* C.wav in Resources */,
				86A26F5F29F55B88007B9C9F /* Preview Assets.xcassets in Resources */,
				86A26F8E29F56189007B9C9F /* B.wav in Resources */,
				86A26F8D29F56189007B9C9F /* F.wav in Resources */,
				86A26F9029F56189007B9C9F /* E.wav in Resources */,
				86A26F5B29F55B88007B9C9F /* Assets.xcassets in Resources */,
			);
			runOnlyForDeploymentPostprocessing = 0;
		};
		86A26F6229F55B88007B9C9F /* Resources */ = {
			isa = PBXResourcesBuildPhase;
			buildActionMask = 2147483647;
			files = (
			);
			runOnlyForDeploymentPostprocessing = 0;
		};
		86A26F6C29F55B88007B9C9F /* Resources */ = {
			isa = PBXResourcesBuildPhase;
			buildActionMask = 2147483647;
			files = (
			);
			runOnlyForDeploymentPostprocessing = 0;
		};
/* End PBXResourcesBuildPhase section */

/* Begin PBXSourcesBuildPhase section */
		86A26F4F29F55B86007B9C9F /* Sources */ = {
			isa = PBXSourcesBuildPhase;
			buildActionMask = 2147483647;
			files = (
				86A26F8229F55BA6007B9C9F /* PlayerView.swift in Sources */,
				86A26F5929F55B86007B9C9F /* ContentView.swift in Sources */,
				86A26F5729F55B86007B9C9F /* XyloApp.swift in Sources */,
			);
			runOnlyForDeploymentPostprocessing = 0;
		};
		86A26F6029F55B88007B9C9F /* Sources */ = {
			isa = PBXSourcesBuildPhase;
			buildActionMask = 2147483647;
			files = (
				86A26F6929F55B88007B9C9F /* XyloTests.swift in Sources */,
			);
			runOnlyForDeploymentPostprocessing = 0;
		};
		86A26F6A29F55B88007B9C9F /* Sources */ = {
			isa = PBXSourcesBuildPhase;
			buildActionMask = 2147483647;
			files = (
				86A26F7529F55B88007B9C9F /* XyloUITestsLaunchTests.swift in Sources */,
				86A26F7329F55B88007B9C9F /* XyloUITests.swift in Sources */,
			);
			runOnlyForDeploymentPostprocessing = 0;
		};
/* End PBXSourcesBuildPhase section */

/* Begin PBXTargetDependency section */
		86A26F6629F55B88007B9C9F /* PBXTargetDependency */ = {
			isa = PBXTargetDependency;
			target = 86A26F5229F55B86007B9C9F /* Xylo */;
			targetProxy = 86A26F6529F55B88007B9C9F /* PBXContainerItemProxy */;
		};
		86A26F7029F55B88007B9C9F /* PBXTargetDependency */ = {
			isa = PBXTargetDependency;
			target = 86A26F5229F55B86007B9C9F /* Xylo */;
			targetProxy = 86A26F6F29F55B88007B9C9F /* PBXContainerItemProxy */;
		};
/* End PBXTargetDependency section */

/* Begin XCBuildConfiguration section */
		86A26F7629F55B88007B9C9F /* Debug */ = {
			isa = XCBuildConfiguration;
			buildSettings = {
				ALWAYS_SEARCH_USER_PATHS = NO;
				CLANG_ANALYZER_NONNULL = YES;
				CLANG_ANALYZER_NUMBER_OBJECT_CONVERSION = YES_AGGRESSIVE;
				CLANG_CXX_LANGUAGE_STANDARD = "gnu++20";
				CLANG_ENABLE_MODULES = YES;
				CLANG_ENABLE_OBJC_ARC = YES;
				CLANG_ENABLE_OBJC_WEAK = YES;
				CLANG_WARN_BLOCK_CAPTURE_AUTORELEASING = YES;
				CLANG_WARN_BOOL_CONVERSION = YES;
				CLANG_WARN_COMMA = YES;
				CLANG_WARN_CONSTANT_CONVERSION = YES;
				CLANG_WARN_DEPRECATED_OBJC_IMPLEMENTATIONS = YES;
				CLANG_WARN_DIRECT_OBJC_ISA_USAGE = YES_ERROR;
				CLANG_WARN_DOCUMENTATION_COMMENTS = YES;
				CLANG_WARN_EMPTY_BODY = YES;
				CLANG_WARN_ENUM_CONVERSION = YES;
				CLANG_WARN_INFINITE_RECURSION = YES;
				CLANG_WARN_INT_CONVERSION = YES;
				CLANG_WARN_NON_LITERAL_NULL_CONVERSION = YES;
				CLANG_WARN_OBJC_IMPLICIT_RETAIN_SELF = YES;
				CLANG_WARN_OBJC_LITERAL_CONVERSION = YES;
				CLANG_WARN_OBJC_ROOT_CLASS = YES_ERROR;
				CLANG_WARN_QUOTED_INCLUDE_IN_FRAMEWORK_HEADER = YES;
				CLANG_WARN_RANGE_LOOP_ANALYSIS = YES;
				CLANG_WARN_STRICT_PROTOTYPES = YES;
				CLANG_WARN_SUSPICIOUS_MOVE = YES;
				CLANG_WARN_UNGUARDED_AVAILABILITY = YES_AGGRESSIVE;
				CLANG_WARN_UNREACHABLE_CODE = YES;
				CLANG_WARN__DUPLICATE_METHOD_MATCH = YES;
				COPY_PHASE_STRIP = NO;
				DEBUG_INFORMATION_FORMAT = dwarf;
				ENABLE_STRICT_OBJC_MSGSEND = YES;
				ENABLE_TESTABILITY = YES;
				GCC_C_LANGUAGE_STANDARD = gnu11;
				GCC_DYNAMIC_NO_PIC = NO;
				GCC_NO_COMMON_BLOCKS = YES;
				GCC_OPTIMIZATION_LEVEL = 0;
				GCC_PREPROCESSOR_DEFINITIONS = (
					"DEBUG=1",
					"$(inherited)",
				);
				GCC_WARN_64_TO_32_BIT_CONVERSION = YES;
				GCC_WARN_ABOUT_RETURN_TYPE = YES_ERROR;
				GCC_WARN_UNDECLARED_SELECTOR = YES;
				GCC_WARN_UNINITIALIZED_AUTOS = YES_AGGRESSIVE;
				GCC_WARN_UNUSED_FUNCTION = YES;
				GCC_WARN_UNUSED_VARIABLE = YES;
				MTL_ENABLE_DEBUG_INFO = INCLUDE_SOURCE;
				MTL_FAST_MATH = YES;
				ONLY_ACTIVE_ARCH = YES;
				SWIFT_ACTIVE_COMPILATION_CONDITIONS = DEBUG;
				SWIFT_OPTIMIZATION_LEVEL = "-Onone";
			};
			name = Debug;
		};
		86A26F7729F55B88007B9C9F /* Release */ = {
			isa = XCBuildConfiguration;
			buildSettings = {
				ALWAYS_SEARCH_USER_PATHS = NO;
				CLANG_ANALYZER_NONNULL = YES;
				CLANG_ANALYZER_NUMBER_OBJECT_CONVERSION = YES_AGGRESSIVE;
				CLANG_CXX_LANGUAGE_STANDARD = "gnu++20";
				CLANG_ENABLE_MODULES = YES;
				CLANG_ENABLE_OBJC_ARC = YES;
				CLANG_ENABLE_OBJC_WEAK = YES;
				CLANG_WARN_BLOCK_CAPTURE_AUTORELEASING = YES;
				CLANG_WARN_BOOL_CONVERSION = YES;
				CLANG_WARN_COMMA = YES;
				CLANG_WARN_CONSTANT_CONVERSION = YES;
				CLANG_WARN_DEPRECATED_OBJC_IMPLEMENTATIONS = YES;
				CLANG_WARN_DIRECT_OBJC_ISA_USAGE = YES_ERROR;
				CLANG_WARN_DOCUMENTATION_COMMENTS = YES;
				CLANG_WARN_EMPTY_BODY = YES;
				CLANG_WARN_ENUM_CONVERSION = YES;
				CLANG_WARN_INFINITE_RECURSION = YES;
				CLANG_WARN_INT_CONVERSION = YES;
				CLANG_WARN_NON_LITERAL_NULL_CONVERSION = YES;
				CLANG_WARN_OBJC_IMPLICIT_RETAIN_SELF = YES;
				CLANG_WARN_OBJC_LITERAL_CONVERSION = YES;
				CLANG_WARN_OBJC_ROOT_CLASS = YES_ERROR;
				CLANG_WARN_QUOTED_INCLUDE_IN_FRAMEWORK_HEADER = YES;
				CLANG_WARN_RANGE_LOOP_ANALYSIS = YES;
				CLANG_WARN_STRICT_PROTOTYPES = YES;
				CLANG_WARN_SUSPICIOUS_MOVE = YES;
				CLANG_WARN_UNGUARDED_AVAILABILITY = YES_AGGRESSIVE;
				CLANG_WARN_UNREACHABLE_CODE = YES;
				CLANG_WARN__DUPLICATE_METHOD_MATCH = YES;
				COPY_PHASE_STRIP = NO;
				DEBUG_INFORMATION_FORMAT = "dwarf-with-dsym";
				ENABLE_NS_ASSERTIONS = NO;
				ENABLE_STRICT_OBJC_MSGSEND = YES;
				GCC_C_LANGUAGE_STANDARD = gnu11;
				GCC_NO_COMMON_BLOCKS = YES;
				GCC_WARN_64_TO_32_BIT_CONVERSION = YES;
				GCC_WARN_ABOUT_RETURN_TYPE = YES_ERROR;
				GCC_WARN_UNDECLARED_SELECTOR = YES;
				GCC_WARN_UNINITIALIZED_AUTOS = YES_AGGRESSIVE;
				GCC_WARN_UNUSED_FUNCTION = YES;
				GCC_WARN_UNUSED_VARIABLE = YES;
				MTL_ENABLE_DEBUG_INFO = NO;
				MTL_FAST_MATH = YES;
				SWIFT_COMPILATION_MODE = wholemodule;
				SWIFT_OPTIMIZATION_LEVEL = "-O";
			};
			name = Release;
		};
		86A26F7929F55B88007B9C9F /* Debug */ = {
			isa = XCBuildConfiguration;
			buildSettings = {
				ASSETCATALOG_COMPILER_APPICON_NAME = AppIcon;
				ASSETCATALOG_COMPILER_GLOBAL_ACCENT_COLOR_NAME = AccentColor;
				CODE_SIGN_ENTITLEMENTS = Xylo/Xylo.entitlements;
				CODE_SIGN_STYLE = Automatic;
				CURRENT_PROJECT_VERSION = 1;
				DEVELOPMENT_ASSET_PATHS = "\"Xylo/Preview Content\"";
				DEVELOPMENT_TEAM = ENJ8MS4EMS;
				ENABLE_PREVIEWS = YES;
				GENERATE_INFOPLIST_FILE = YES;
				"INFOPLIST_KEY_UIApplicationSceneManifest_Generation[sdk=iphoneos*]" = YES;
				"INFOPLIST_KEY_UIApplicationSceneManifest_Generation[sdk=iphonesimulator*]" = YES;
				"INFOPLIST_KEY_UIApplicationSupportsIndirectInputEvents[sdk=iphoneos*]" = YES;
				"INFOPLIST_KEY_UIApplicationSupportsIndirectInputEvents[sdk=iphonesimulator*]" = YES;
				"INFOPLIST_KEY_UILaunchScreen_Generation[sdk=iphoneos*]" = YES;
				"INFOPLIST_KEY_UILaunchScreen_Generation[sdk=iphonesimulator*]" = YES;
				"INFOPLIST_KEY_UIStatusBarStyle[sdk=iphoneos*]" = UIStatusBarStyleDefault;
				"INFOPLIST_KEY_UIStatusBarStyle[sdk=iphonesimulator*]" = UIStatusBarStyleDefault;
				INFOPLIST_KEY_UISupportedInterfaceOrientations_iPad = "UIInterfaceOrientationPortrait UIInterfaceOrientationPortraitUpsideDown UIInterfaceOrientationLandscapeLeft UIInterfaceOrientationLandscapeRight";
				INFOPLIST_KEY_UISupportedInterfaceOrientations_iPhone = "UIInterfaceOrientationPortrait UIInterfaceOrientationLandscapeLeft UIInterfaceOrientationLandscapeRight";
				IPHONEOS_DEPLOYMENT_TARGET = 16.4;
				LD_RUNPATH_SEARCH_PATHS = "@executable_path/Frameworks";
				"LD_RUNPATH_SEARCH_PATHS[sdk=macosx*]" = "@executable_path/../Frameworks";
				MACOSX_DEPLOYMENT_TARGET = 13.3;
				MARKETING_VERSION = 1.0;
				PRODUCT_BUNDLE_IDENTIFIER = xyz.gmnz.Xylo;
				PRODUCT_NAME = "$(TARGET_NAME)";
				SDKROOT = auto;
				SUPPORTED_PLATFORMS = "iphoneos iphonesimulator macosx";
				SWIFT_EMIT_LOC_STRINGS = YES;
				SWIFT_VERSION = 5.0;
				TARGETED_DEVICE_FAMILY = "1,2";
			};
			name = Debug;
		};
		86A26F7A29F55B88007B9C9F /* Release */ = {
			isa = XCBuildConfiguration;
			buildSettings = {
				ASSETCATALOG_COMPILER_APPICON_NAME = AppIcon;
				ASSETCATALOG_COMPILER_GLOBAL_ACCENT_COLOR_NAME = AccentColor;
				CODE_SIGN_ENTITLEMENTS = Xylo/Xylo.entitlements;
				CODE_SIGN_STYLE = Automatic;
				CURRENT_PROJECT_VERSION = 1;
				DEVELOPMENT_ASSET_PATHS = "\"Xylo/Preview Content\"";
				DEVELOPMENT_TEAM = ENJ8MS4EMS;
				ENABLE_PREVIEWS = YES;
				GENERATE_INFOPLIST_FILE = YES;
				"INFOPLIST_KEY_UIApplicationSceneManifest_Generation[sdk=iphoneos*]" = YES;
				"INFOPLIST_KEY_UIApplicationSceneManifest_Generation[sdk=iphonesimulator*]" = YES;
				"INFOPLIST_KEY_UIApplicationSupportsIndirectInputEvents[sdk=iphoneos*]" = YES;
				"INFOPLIST_KEY_UIApplicationSupportsIndirectInputEvents[sdk=iphonesimulator*]" = YES;
				"INFOPLIST_KEY_UILaunchScreen_Generation[sdk=iphoneos*]" = YES;
				"INFOPLIST_KEY_UILaunchScreen_Generation[sdk=iphonesimulator*]" = YES;
				"INFOPLIST_KEY_UIStatusBarStyle[sdk=iphoneos*]" = UIStatusBarStyleDefault;
				"INFOPLIST_KEY_UIStatusBarStyle[sdk=iphonesimulator*]" = UIStatusBarStyleDefault;
				INFOPLIST_KEY_UISupportedInterfaceOrientations_iPad = "UIInterfaceOrientationPortrait UIInterfaceOrientationPortraitUpsideDown UIInterfaceOrientationLandscapeLeft UIInterfaceOrientationLandscapeRight";
				INFOPLIST_KEY_UISupportedInterfaceOrientations_iPhone = "UIInterfaceOrientationPortrait UIInterfaceOrientationLandscapeLeft UIInterfaceOrientationLandscapeRight";
				IPHONEOS_DEPLOYMENT_TARGET = 16.4;
				LD_RUNPATH_SEARCH_PATHS = "@executable_path/Frameworks";
				"LD_RUNPATH_SEARCH_PATHS[sdk=macosx*]" = "@executable_path/../Frameworks";
				MACOSX_DEPLOYMENT_TARGET = 13.3;
				MARKETING_VERSION = 1.0;
				PRODUCT_BUNDLE_IDENTIFIER = xyz.gmnz.Xylo;
				PRODUCT_NAME = "$(TARGET_NAME)";
				SDKROOT = auto;
				SUPPORTED_PLATFORMS = "iphoneos iphonesimulator macosx";
				SWIFT_EMIT_LOC_STRINGS = YES;
				SWIFT_VERSION = 5.0;
				TARGETED_DEVICE_FAMILY = "1,2";
			};
			name = Release;
		};
		86A26F7C29F55B88007B9C9F /* Debug */ = {
			isa = XCBuildConfiguration;
			buildSettings = {
				ALWAYS_EMBED_SWIFT_STANDARD_LIBRARIES = YES;
				BUNDLE_LOADER = "$(TEST_HOST)";
				CODE_SIGN_STYLE = Automatic;
				CURRENT_PROJECT_VERSION = 1;
				GENERATE_INFOPLIST_FILE = YES;
				IPHONEOS_DEPLOYMENT_TARGET = 16.4;
				MACOSX_DEPLOYMENT_TARGET = 13.3;
				MARKETING_VERSION = 1.0;
				PRODUCT_BUNDLE_IDENTIFIER = xyz.gmnz.XyloTests;
				PRODUCT_NAME = "$(TARGET_NAME)";
				SDKROOT = auto;
				SUPPORTED_PLATFORMS = "iphoneos iphonesimulator macosx";
				SWIFT_EMIT_LOC_STRINGS = NO;
				SWIFT_VERSION = 5.0;
				TARGETED_DEVICE_FAMILY = "1,2";
				TEST_HOST = "$(BUILT_PRODUCTS_DIR)/Xylo.app/$(BUNDLE_EXECUTABLE_FOLDER_PATH)/Xylo";
			};
			name = Debug;
		};
		86A26F7D29F55B88007B9C9F /* Release */ = {
			isa = XCBuildConfiguration;
			buildSettings = {
				ALWAYS_EMBED_SWIFT_STANDARD_LIBRARIES = YES;
				BUNDLE_LOADER = "$(TEST_HOST)";
				CODE_SIGN_STYLE = Automatic;
				CURRENT_PROJECT_VERSION = 1;
				GENERATE_INFOPLIST_FILE = YES;
				IPHONEOS_DEPLOYMENT_TARGET = 16.4;
				MACOSX_DEPLOYMENT_TARGET = 13.3;
				MARKETING_VERSION = 1.0;
				PRODUCT_BUNDLE_IDENTIFIER = xyz.gmnz.XyloTests;
				PRODUCT_NAME = "$(TARGET_NAME)";
				SDKROOT = auto;
				SUPPORTED_PLATFORMS = "iphoneos iphonesimulator macosx";
				SWIFT_EMIT_LOC_STRINGS = NO;
				SWIFT_VERSION = 5.0;
				TARGETED_DEVICE_FAMILY = "1,2";
				TEST_HOST = "$(BUILT_PRODUCTS_DIR)/Xylo.app/$(BUNDLE_EXECUTABLE_FOLDER_PATH)/Xylo";
			};
			name = Release;
		};
		86A26F7F29F55B88007B9C9F /* Debug */ = {
			isa = XCBuildConfiguration;
			buildSettings = {
				ALWAYS_EMBED_SWIFT_STANDARD_LIBRARIES = YES;
				CODE_SIGN_STYLE = Automatic;
				CURRENT_PROJECT_VERSION = 1;
				GENERATE_INFOPLIST_FILE = YES;
				IPHONEOS_DEPLOYMENT_TARGET = 16.4;
				MACOSX_DEPLOYMENT_TARGET = 13.3;
				MARKETING_VERSION = 1.0;
				PRODUCT_BUNDLE_IDENTIFIER = xyz.gmnz.XyloUITests;
				PRODUCT_NAME = "$(TARGET_NAME)";
				SDKROOT = auto;
				SUPPORTED_PLATFORMS = "iphoneos iphonesimulator macosx";
				SWIFT_EMIT_LOC_STRINGS = NO;
				SWIFT_VERSION = 5.0;
				TARGETED_DEVICE_FAMILY = "1,2";
				TEST_TARGET_NAME = Xylo;
			};
			name = Debug;
		};
		86A26F8029F55B88007B9C9F /* Release */ = {
			isa = XCBuildConfiguration;
			buildSettings = {
				ALWAYS_EMBED_SWIFT_STANDARD_LIBRARIES = YES;
				CODE_SIGN_STYLE = Automatic;
				CURRENT_PROJECT_VERSION = 1;
				GENERATE_INFOPLIST_FILE = YES;
				IPHONEOS_DEPLOYMENT_TARGET = 16.4;
				MACOSX_DEPLOYMENT_TARGET = 13.3;
				MARKETING_VERSION = 1.0;
				PRODUCT_BUNDLE_IDENTIFIER = xyz.gmnz.XyloUITests;
				PRODUCT_NAME = "$(TARGET_NAME)";
				SDKROOT = auto;
				SUPPORTED_PLATFORMS = "iphoneos iphonesimulator macosx";
				SWIFT_EMIT_LOC_STRINGS = NO;
				SWIFT_VERSION = 5.0;
				TARGETED_DEVICE_FAMILY = "1,2";
				TEST_TARGET_NAME = Xylo;
			};
			name = Release;
		};
/* End XCBuildConfiguration section */

/* Begin XCConfigurationList section */
		86A26F4E29F55B86007B9C9F /* Build configuration list for PBXProject "Xylo" */ = {
			isa = XCConfigurationList;
			buildConfigurations = (
				86A26F7629F55B88007B9C9F /* Debug */,
				86A26F7729F55B88007B9C9F /* Release */,
			);
			defaultConfigurationIsVisible = 0;
			defaultConfigurationName = Release;
		};
		86A26F7829F55B88007B9C9F /* Build configuration list for PBXNativeTarget "Xylo" */ = {
			isa = XCConfigurationList;
			buildConfigurations = (
				86A26F7929F55B88007B9C9F /* Debug */,
				86A26F7A29F55B88007B9C9F /* Release */,
			);
			defaultConfigurationIsVisible = 0;
			defaultConfigurationName = Release;
		};
		86A26F7B29F55B88007B9C9F /* Build configuration list for PBXNativeTarget "XyloTests" */ = {
			isa = XCConfigurationList;
			buildConfigurations = (
				86A26F7C29F55B88007B9C9F /* Debug */,
				86A26F7D29F55B88007B9C9F /* Release */,
			);
			defaultConfigurationIsVisible = 0;
			defaultConfigurationName = Release;
		};
		86A26F7E29F55B88007B9C9F /* Build configuration list for PBXNativeTarget "XyloUITests" */ = {
			isa = XCConfigurationList;
			buildConfigurations = (
				86A26F7F29F55B88007B9C9F /* Debug */,
				86A26F8029F55B88007B9C9F /* Release */,
			);
			defaultConfigurationIsVisible = 0;
			defaultConfigurationName = Release;
		};
/* End XCConfigurationList section */
	};
	rootObject = 86A26F4B29F55B86007B9C9F /* Project object */;
}
